{
  "name": "@astro-console/v2-local-web",
  "lockfileVersion": 3,
  "requires": true,
  "packages": {
    "": {
      "name": "@astro-console/v2-local-web",
      "dependencies": {
        "effect": "file:../../packages/v2-contracts/node_modules/effect"
      },
      "engines": {
        "node": ">=22"
      }
    },
    "../../packages/v2-contracts/node_modules/effect": {
      "version": "4.0.0-beta.98",
      "license": "MIT",
      "dependencies": {
        "@standard-schema/spec": "^1.1.0",
        "fast-check": "^4.9.0",
        "find-my-way-ts": "^0.1.6",
        "ini": "^7.0.0",
        "kubernetes-types": "^1.30.0",
        "msgpackr": "^2.0.4",
        "multipasta": "^0.2.8",
        "toml": "^4.1.2",
        "uuid": "^14.0.1",
        "yaml": "^2.9.0"
      },
      "devDependencies": {
        "@types/ini": "^4.1.1",
        "@types/node": "^26.1.1",
        "ajv": "^8.20.0",
        "arktype": "^2.2.3",
        "ast-types": "^0.14.2",
        "immer": "^11.1.11",
        "tinybench": "^6.0.2",
        "valibot": "^1.4.2"
      }
    },
    "node_modules/effect": {
      "resolved": "../../packages/v2-contracts/node_modules/effect",
      "link": true
    }
  }
}
